
Microsoft Visual Studio Solution File, Format Version 12.00
# Visual Studio Version 17
VisualStudioVersion = 17.9.34902.65
MinimumVisualStudioVersion = 10.0.40219.1
EndProject
EndProject
Global
	GlobalSection(SolutionConfigurationPlatforms) = preSolution
		Debug|Any CPU = Debug|Any CPU
		Release|Any CPU = Release|Any CPU
	EndGlobalSection
	GlobalSection(ProjectConfigurationPlatforms) = postSolution
		{A36945F9-24C1-464D-879E-F9103D04FECF}.Debug|Any CPU.ActiveCfg = Debug|Any CPU
		{A36945F9-24C1-464D-879E-F9103D04FECF}.Debug|Any CPU.Build.0 = Debug|Any CPU
		{A36945F9-24C1-464D-879E-F9103D04FECF}.Release|Any CPU.ActiveCfg = Release|Any CPU
		{A36945F9-24C1-464D-879E-F9103D04FECF}.Release|Any CPU.Build.0 = Release|Any CPU
	EndGlobalSection
	GlobalSection(SolutionProperties) = preSolution
		HideSolutionNode = FALSE
	EndGlobalSection
EndGlobal
